{
  "nodes": {
    "comma": {
      "flake": false,
      "locked": {
        "lastModified": 1656989878,
        "narHash": "sha256-SvK+H9M62lhPvVRWfl7HGG0oRO90r1E8ju3PPp6A6N8=",
        "owner": "nix-community",
        "repo": "comma",
        "rev": "f5732a6e8871348bafa3139a2f0d9bb7bc34c076",
        "type": "github"
      },
      "original": {
        "owner": "nix-community",
        "repo": "comma",
        "type": "github"
      }
    },
    "declarative-cachix": {
      "locked": {
        "lastModified": 1644208524,
        "narHash": "sha256-BW43hqKBxNNMrgUnn6D53useE8f4/yz66bvCzwUbueQ=",
        "owner": "jonascarpay",
        "repo": "declarative-cachix",
        "rev": "b63e9cb0d0962656d08fb4668a5b6b1ba1ca5648",
        "type": "github"
      },
      "original": {
        "owner": "jonascarpay",
        "repo": "declarative-cachix",
        "type": "github"
      }
    },
    "emacs-overlay": {
      "inputs": {
        "flake-utils": "flake-utils",
        "nixpkgs": "nixpkgs"
      },
      "locked": {
        "lastModified": 1657621999,
        "narHash": "sha256-LuG2kAxk+mT1to6Yox092Ahym6+6ShZfhJoknxlUcWc=",
        "owner": "nix-community",
        "repo": "emacs-overlay",
        "rev": "eb9324be909d20ef724e939340a88bd9d7948be0",
        "type": "github"
      },
      "original": {
        "owner": "nix-community",
        "repo": "emacs-overlay",
        "type": "github"
      }
    },
    "flake-utils": {
      "locked": {
        "lastModified": 1656928814,
        "narHash": "sha256-RIFfgBuKz6Hp89yRr7+NR5tzIAbn52h8vT6vXkYjZoM=",
        "owner": "numtide",
        "repo": "flake-utils",
        "rev": "7e2a3b3dfd9af950a856d66b0a7d01e3c18aa249",
        "type": "github"
      },
      "original": {
        "owner": "numtide",
        "repo": "flake-utils",
        "type": "github"
      }
    },
    "home-manager": {
      "inputs": {
        "nixpkgs": [
          "nixpkgs"
        ],
        "utils": "utils"
      },
      "locked": {
        "lastModified": 1657621596,
        "narHash": "sha256-lRd1RHpuSaCvkXSLBV/eTW0cKt4pj51yW0d62Yg9dAs=",
        "owner": "nix-community",
        "repo": "home-manager",
        "rev": "1e66e035e18ca02d72ebbbc83e4e75fa0acdf1af",
        "type": "github"
      },
      "original": {
        "owner": "nix-community",
        "repo": "home-manager",
        "type": "github"
      }
    },
    "nixpkgs": {
      "locked": {
        "lastModified": 1654669250,
        "narHash": "sha256-1ihwCBNvXL8h+5G+kKn1YiljJS295lds7AmyIn6Y2EU=",
        "owner": "nixos",
        "repo": "nixpkgs",
        "rev": "c26e525b410c751322f351619ac39a468ecf54c8",
        "type": "github"
      },
      "original": {
        "owner": "nixos",
        "repo": "nixpkgs",
        "type": "github"
      }
    },
    "root": {
      "inputs": {
        "comma": "comma",
        "declarative-cachix": "declarative-cachix",
        "emacs-overlay": "emacs-overlay",
        "home-manager": "home-manager",
        "nixpkgs": "nixpkgs_2",
        "x86-manpages-nix": "x86-manpages-nix"
      }
    },
    "utils": {
      "locked": {
        "lastModified": 1653893745,
        "narHash": "sha256-0jntwV3Z8//YwuOjzhV2sgJJPt+HY6KhU7VZUL0fKZQ=",
        "owner": "numtide",
        "repo": "flake-utils",
        "rev": "1ed9fb1935d260de5fe1c2f7ee0ebaae17ed2fa1",
        "type": "github"
      },
      "original": {
        "owner": "numtide",
        "repo": "flake-utils",
        "type": "github"
      }
    },
    "x86-manpages-nix": {
      "flake": false,
      "locked": {
        "lastModified": 1607291022,
        "narHash": "sha256-+WgesX5eoOILL7vg5+8IohpkZX6IhCugKOYlXEgnFe4=",
        "owner": "blitz",
        "repo": "x86-manpages-nix",
        "rev": "363ae744d4d146db993323edaf524be9ebec27d8",
        "type": "github"
      },
      "original": {
        "owner": "blitz",
        "repo": "x86-manpages-nix",
        "type": "github"
      }
    }
  },
  "root": "root",
  "version": 7
}
