{
  "nodes": {
    "comma": {
      "flake": false,
      "locked": {
        "lastModified": 1641144881,
        "narHash": "sha256-WBIQmwlkb/GMoOq+Dnyrk8YmgiM/wJnc5HYZP8Uw72E=",
        "owner": "nix-community",
        "repo": "comma",
        "rev": "02e3e5545b0c62595a77f3d5de1223c536af0614",
        "type": "github"
      },
      "original": {
        "owner": "nix-community",
        "repo": "comma",
        "type": "github"
      }
    },
    "declarative-cachix": {
      "locked": {
        "lastModified": 1625560633,
        "narHash": "sha256-Uhg950dgJiytcaecOJ3KB2MWDOdtUEogVyon9m6J/3g=",
        "owner": "jonascarpay",
        "repo": "declarative-cachix",
        "rev": "1986455ab3e55804458bf6e7d2a5f5b8a68defce",
        "type": "github"
      },
      "original": {
        "owner": "jonascarpay",
        "repo": "declarative-cachix",
        "type": "github"
      }
    },
    "home-manager": {
      "inputs": {
        "nixpkgs": [
          "nixpkgs"
        ]
      },
      "locked": {
        "lastModified": 1643307345,
        "narHash": "sha256-xiu7i6Q3Dqu4lLfDNaAL/f2DVewBxL+ysMuAyJiGv+4=",
        "owner": "nix-community",
        "repo": "home-manager",
        "rev": "4e92ec84f93a293042a64c3ed56ac8aee62fb6e1",
        "type": "github"
      },
      "original": {
        "owner": "nix-community",
        "repo": "home-manager",
        "type": "github"
      }
    },
    "nixpkgs": {
      "locked": {
        "lastModified": 1637616815,
        "narHash": "sha256-fIgEoC+rw5kYZBkPtfMaL/MQddN05lGPH1ft+IqQ6UY=",
        "owner": "nixos",
        "repo": "nixpkgs",
        "rev": "e96c668072d7c98ddf2062f6d2b37f84909a572b",
        "type": "github"
      },
      "original": {
        "owner": "nixos",
        "ref": "22.05-pre",
        "repo": "nixpkgs",
        "type": "github"
      }
    },
    "root": {
      "inputs": {
        "comma": "comma",
        "declarative-cachix": "declarative-cachix",
        "home-manager": "home-manager",
        "nixpkgs": "nixpkgs"
      }
    }
  },
  "root": "root",
  "version": 7
}
