{
  "nodes": {
    "comma": {
      "flake": false,
      "locked": {
        "lastModified": 1656989878,
        "narHash": "sha256-SvK+H9M62lhPvVRWfl7HGG0oRO90r1E8ju3PPp6A6N8=",
        "owner": "nix-community",
        "repo": "comma",
        "rev": "f5732a6e8871348bafa3139a2f0d9bb7bc34c076",
        "type": "github"
      },
      "original": {
        "owner": "nix-community",
        "repo": "comma",
        "type": "github"
      }
    },
    "declarative-cachix": {
      "locked": {
        "lastModified": 1644208524,
        "narHash": "sha256-BW43hqKBxNNMrgUnn6D53useE8f4/yz66bvCzwUbueQ=",
        "owner": "jonascarpay",
        "repo": "declarative-cachix",
        "rev": "b63e9cb0d0962656d08fb4668a5b6b1ba1ca5648",
        "type": "github"
      },
      "original": {
        "owner": "jonascarpay",
        "repo": "declarative-cachix",
        "type": "github"
      }
    },
    "emacs-overlay": {
      "inputs": {
        "flake-utils": "flake-utils",
        "nixpkgs": "nixpkgs"
      },
      "locked": {
        "lastModified": 1661664047,
        "narHash": "sha256-O/affWh3Val9xtAXR6Z6rA2mhMPHjuHgDWbBmbElV6c=",
        "owner": "nix-community",
        "repo": "emacs-overlay",
        "rev": "6c95fb87c40fc976f5de5f00ba5cca92b7537e88",
        "type": "github"
      },
      "original": {
        "owner": "nix-community",
        "repo": "emacs-overlay",
        "type": "github"
      }
    },
    "flake-utils": {
      "locked": {
        "lastModified": 1659877975,
        "narHash": "sha256-zllb8aq3YO3h8B/U0/J1WBgAL8EX5yWf5pMj3G0NAmc=",
        "owner": "numtide",
        "repo": "flake-utils",
        "rev": "c0e246b9b83f637f4681389ecabcb2681b4f3af0",
        "type": "github"
      },
      "original": {
        "owner": "numtide",
        "repo": "flake-utils",
        "type": "github"
      }
    },
    "home-manager": {
      "inputs": {
        "nixpkgs": [
          "nixpkgs"
        ]
      },
      "locked": {
        "lastModified": 1656169755,
        "narHash": "sha256-Nlnm4jeQWEGjYrE6hxi/7HYHjBSZ/E0RtjCYifnNsWk=",
        "owner": "nix-community",
        "repo": "home-manager",
        "rev": "4a3d01fb53f52ac83194081272795aa4612c2381",
        "type": "github"
      },
      "original": {
        "owner": "nix-community",
        "ref": "release-22.05",
        "repo": "home-manager",
        "type": "github"
      }
    },
    "nixpkgs": {
      "locked": {
        "lastModified": 1657476024,
        "narHash": "sha256-4xnAf6VxE/efOwHt/MsG/g1gmpT78n/8oHqF1atzNjI=",
        "path": "/nix/store/lvglzrv5zf7zmsp3ns3i0n8b25qm9483-source",
        "rev": "cf034a867e08b7e083df1658c915c58456dbbde2",
        "type": "path"
      },
      "original": {
        "id": "nixpkgs",
        "type": "indirect"
      }
    },
    "nixpkgs_2": {
      "locked": {
        "lastModified": 1661617163,
        "narHash": "sha256-NN9Ky47j8ohgPhA9JZyfkYIbbAo6RJkGz+7h8/exVpE=",
        "owner": "nixos",
        "repo": "nixpkgs",
        "rev": "0ba2543f8c855d7be8e90ef6c8dc89c1617e8a08",
        "type": "github"
      },
      "original": {
        "owner": "nixos",
        "ref": "nixos-22.05",
        "repo": "nixpkgs",
        "type": "github"
      }
    },
    "root": {
      "inputs": {
        "comma": "comma",
        "declarative-cachix": "declarative-cachix",
        "emacs-overlay": "emacs-overlay",
        "home-manager": "home-manager",
        "nixpkgs": "nixpkgs_2",
        "x86-manpages-nix": "x86-manpages-nix"
      }
    },
    "x86-manpages-nix": {
      "flake": false,
      "locked": {
        "lastModified": 1607291022,
        "narHash": "sha256-+WgesX5eoOILL7vg5+8IohpkZX6IhCugKOYlXEgnFe4=",
        "owner": "blitz",
        "repo": "x86-manpages-nix",
        "rev": "363ae744d4d146db993323edaf524be9ebec27d8",
        "type": "github"
      },
      "original": {
        "owner": "blitz",
        "repo": "x86-manpages-nix",
        "type": "github"
      }
    }
  },
  "root": "root",
  "version": 7
}
